// !$*UTF8*$!
{
	archiveVersion = 1;
	classes = {
	};
	objectVersion = 46;
	objects = {

/* Begin PBXBuildFile section */
		016FB2811DB06B8500E59CF9 /* AppDelegate.swift in Sources */ = {isa = PBXBuildFile; fileRef = 016FB2801DB06B8500E59CF9 /* AppDelegate.swift */; };
		016FB2831DB06B8500E59CF9 /* ViewController.swift in Sources */ = {isa = PBXBuildFile; fileRef = 016FB2821DB06B8500E59CF9 /* ViewController.swift */; };
		016FB2861DB06B8500E59CF9 /* Main.storyboard in Resources */ = {isa = PBXBuildFile; fileRef = 016FB2841DB06B8500E59CF9 /* Main.storyboard */; };
		016FB2881DB06B8500E59CF9 /* Assets.xcassets in Resources */ = {isa = PBXBuildFile; fileRef = 016FB2871DB06B8500E59CF9 /* Assets.xcassets */; };
		016FB28B1DB06B8500E59CF9 /* LaunchScreen.storyboard in Resources */ = {isa = PBXBuildFile; fileRef = 016FB2891DB06B8500E59CF9 /* LaunchScreen.storyboard */; };
/* End PBXBuildFile section */

/* Begin PBXFileReference section */
		016FB27D1DB06B8500E59CF9 /* MagicEigthBall.app */ = {isa = PBXFileReference; explicitFileType = wrapper.application; includeInIndex = 0; path = MagicEigthBall.app; sourceTree = BUILT_PRODUCTS_DIR; };
		016FB2801DB06B8500E59CF9 /* AppDelegate.swift */ = {isa = PBXFileReference; lastKnownFileType = sourcecode.swift; path = AppDelegate.swift; sourceTree = "<group>"; };
		016FB2821DB06B8500E59CF9 /* ViewController.swift */ = {isa = PBXFileReference; lastKnownFileType = sourcecode.swift; path = ViewController.swift; sourceTree = "<group>"; };
		016FB2851DB06B8500E59CF9 /* Base */ = {isa = PBXFileReference; lastKnownFileType = file.storyboard; name = Base; path = Base.lproj/Main.storyboard; sourceTree = "<group>"; };
		016FB2871DB06B8500E59CF9 /* Assets.xcassets */ = {isa = PBXFileReference; lastKnownFileType = folder.assetcatalog; path = Assets.xcassets; sourceTree = "<group>"; };
		016FB28A1DB06B8500E59CF9 /* Base */ = {isa = PBXFileReference; lastKnownFileType = file.storyboard; name = Base; path = Base.lproj/LaunchScreen.storyboard; sourceTree = "<group>"; };
		016FB28C1DB06B8500E59CF9 /* Info.plist */ = {isa = PBXFileReference; lastKnownFileType = text.plist.xml; path = Info.plist; sourceTree = "<group>"; };
/* End PBXFileReference section */

/* Begin PBXFrameworksBuildPhase section */
		016FB27A1DB06B8400E59CF9 /* Frameworks */ = {
			isa = PBXFrameworksBuildPhase;
			buildActionMask = 2147483647;
			files = (
			);
			runOnlyForDeploymentPostprocessing = 0;
		};
/* End PBXFrameworksBuildPhase section */

/* Begin PBXGroup section */
		016FB2741DB06B8400E59CF9 = {
			isa = PBXGroup;
			children = (
				016FB27F1DB06B8500E59CF9 /* MagicEightBall */,
				016FB27E1DB06B8500E59CF9 /* Products */,
			);
			sourceTree = "<group>";
		};
		016FB27E1DB06B8500E59CF9 /* Products */ = {
			isa = PBXGroup;
			children = (
				016FB27D1DB06B8500E59CF9 /* MagicEigthBall.app */,
			);
			name = Products;
			sourceTree = "<group>";
		};
		016FB27F1DB06B8500E59CF9 /* MagicEightBall */ = {
			isa = PBXGroup;
			children = (
				016FB2801DB06B8500E59CF9 /* AppDelegate.swift */,
				016FB2821DB06B8500E59CF9 /* ViewController.swift */,
				016FB2841DB06B8500E59CF9 /* Main.storyboard */,
				016FB2871DB06B8500E59CF9 /* Assets.xcassets */,
				016FB2891DB06B8500E59CF9 /* LaunchScreen.storyboard */,
				016FB28C1DB06B8500E59CF9 /* Info.plist */,
			);
			name = MagicEightBall;
			path = MagicEigthBall;
			sourceTree = "<group>";
		};
/* End PBXGroup section */

/* Begin PBXNativeTarget section */
		016FB27C1DB06B8400E59CF9 /* MagicEigthBall */ = {
			isa = PBXNativeTarget;
			buildConfigurationList = 016FB28F1DB06B8500E59CF9 /* Build configuration list for PBXNativeTarget "MagicEigthBall" */;
			buildPhases = (
				016FB2791DB06B8400E59CF9 /* Sources */,
				016FB27A1DB06B8400E59CF9 /* Frameworks */,
				016FB27B1DB06B8400E59CF9 /* Resources */,
			);
			buildRules = (
			);
			dependencies = (
			);
			name = MagicEigthBall;
			productName = MagicEigthBall;
			productReference = 016FB27D1DB06B8500E59CF9 /* MagicEigthBall.app */;
			productType = "com.apple.product-type.application";
		};
/* End PBXNativeTarget section */

/* Begin PBXProject section */
		016FB2751DB06B8400E59CF9 /* Project object */ = {
			isa = PBXProject;
			attributes = {
				LastSwiftUpdateCheck = 0800;
				LastUpgradeCheck = 0800;
				TargetAttributes = {
					016FB27C1DB06B8400E59CF9 = {
						CreatedOnToolsVersion = 8.0;
						ProvisioningStyle = Automatic;
					};
				};
			};
			buildConfigurationList = 016FB2781DB06B8400E59CF9 /* Build configuration list for PBXProject "MagicEigthBall" */;
			compatibilityVersion = "Xcode 3.2";
			developmentRegion = English;
			hasScannedForEncodings = 0;
			knownRegions = (
				en,
				Base,
			);
			mainGroup = 016FB2741DB06B8400E59CF9;
			productRefGroup = 016FB27E1DB06B8500E59CF9 /* Products */;
			projectDirPath = "";
			projectRoot = "";
			targets = (
				016FB27C1DB06B8400E59CF9 /* MagicEigthBall */,
			);
		};
/* End PBXProject section */

/* Begin PBXResourcesBuildPhase section */
		016FB27B1DB06B8400E59CF9 /* Resources */ = {
			isa = PBXResourcesBuildPhase;
			buildActionMask = 2147483647;
			files = (
				016FB28B1DB06B8500E59CF9 /* LaunchScreen.storyboard in Resources */,
				016FB2881DB06B8500E59CF9 /* Assets.xcassets in Resources */,
				016FB2861DB06B8500E59CF9 /* Main.storyboard in Resources */,
			);
			runOnlyForDeploymentPostprocessing = 0;
		};
/* End PBXResourcesBuildPhase section */

/* Begin PBXSourcesBuildPhase section */
		016FB2791DB06B8400E59CF9 /* Sources */ = {
			isa = PBXSourcesBuildPhase;
			buildActionMask = 2147483647;
			files = (
				016FB2831DB06B8500E59CF9 /* ViewController.swift in Sources */,
				016FB2811DB06B8500E59CF9 /* AppDelegate.swift in Sources */,
			);
			runOnlyForDeploymentPostprocessing = 0;
		};
/* End PBXSourcesBuildPhase section */

/* Begin PBXVariantGroup section */
		016FB2841DB06B8500E59CF9 /* Main.storyboard */ = {
			isa = PBXVariantGroup;
			children = (
				016FB2851DB06B8500E59CF9 /* Base */,
			);
			name = Main.storyboard;
			sourceTree = "<group>";
		};
		016FB2891DB06B8500E59CF9 /* LaunchScreen.storyboard */ = {
			isa = PBXVariantGroup;
			children = (
				016FB28A1DB06B8500E59CF9 /* Base */,
			);
			name = LaunchScreen.storyboard;
			sourceTree = "<group>";
		};
/* End PBXVariantGroup section */

/* Begin XCBuildConfiguration section */
		016FB28D1DB06B8500E59CF9 /* Debug */ = {
			isa = XCBuildConfiguration;
			buildSettings = {
				ALWAYS_SEARCH_USER_PATHS = NO;
				CLANG_ANALYZER_NONNULL = YES;
				CLANG_CXX_LANGUAGE_STANDARD = "gnu++0x";
				CLANG_CXX_LIBRARY = "libc++";
				CLANG_ENABLE_MODULES = YES;
				CLANG_ENABLE_OBJC_ARC = YES;
				CLANG_WARN_BOOL_CONVERSION = YES;
				CLANG_WARN_CONSTANT_CONVERSION = YES;
				CLANG_WARN_DIRECT_OBJC_ISA_USAGE = YES_ERROR;
				CLANG_WARN_DOCUMENTATION_COMMENTS = YES;
				CLANG_WARN_EMPTY_BODY = YES;
				CLANG_WARN_ENUM_CONVERSION = YES;
				CLANG_WARN_INFINITE_RECURSION = YES;
				CLANG_WARN_INT_CONVERSION = YES;
				CLANG_WARN_OBJC_ROOT_CLASS = YES_ERROR;
				CLANG_WARN_SUSPICIOUS_MOVES = YES;
				CLANG_WARN_UNREACHABLE_CODE = YES;
				CLANG_WARN__DUPLICATE_METHOD_MATCH = YES;
				"CODE_SIGN_IDENTITY[sdk=iphoneos*]" = "iPhone Developer";
				COPY_PHASE_STRIP = NO;
				DEBUG_INFORMATION_FORMAT = dwarf;
				ENABLE_STRICT_OBJC_MSGSEND = YES;
				ENABLE_TESTABILITY = YES;
				GCC_C_LANGUAGE_STANDARD = gnu99;
				GCC_DYNAMIC_NO_PIC = NO;
				GCC_NO_COMMON_BLOCKS = YES;
				GCC_OPTIMIZATION_LEVEL = 0;
				GCC_PREPROCESSOR_DEFINITIONS = (
					"DEBUG=1",
					"$(inherited)",
				);
				GCC_WARN_64_TO_32_BIT_CONVERSION = YES;
				GCC_WARN_ABOUT_RETURN_TYPE = YES_ERROR;
				GCC_WARN_UNDECLARED_SELECTOR = YES;
				GCC_WARN_UNINITIALIZED_AUTOS = YES_AGGRESSIVE;
				GCC_WARN_UNUSED_FUNCTION = YES;
				GCC_WARN_UNUSED_VARIABLE = YES;
				IPHONEOS_DEPLOYMENT_TARGET = 10.0;
				MTL_ENABLE_DEBUG_INFO = YES;
				ONLY_ACTIVE_ARCH = YES;
				SDKROOT = iphoneos;
				SWIFT_ACTIVE_COMPILATION_CONDITIONS = DEBUG;
				SWIFT_OPTIMIZATION_LEVEL = "-Onone";
				TARGETED_DEVICE_FAMILY = "1,2";
			};
			name = Debug;
		};
		016FB28E1DB06B8500E59CF9 /* Release */ = {
			isa = XCBuildConfiguration;
			buildSettings = {
				ALWAYS_SEARCH_USER_PATHS = NO;
				CLANG_ANALYZER_NONNULL = YES;
				CLANG_CXX_LANGUAGE_STANDARD = "gnu++0x";
				CLANG_CXX_LIBRARY = "libc++";
				CLANG_ENABLE_MODULES = YES;
				CLANG_ENABLE_OBJC_ARC = YES;
				CLANG_WARN_BOOL_CONVERSION = YES;
				CLANG_WARN_CONSTANT_CONVERSION = YES;
				CLANG_WARN_DIRECT_OBJC_ISA_USAGE = YES_ERROR;
				CLANG_WARN_DOCUMENTATION_COMMENTS = YES;
				CLANG_WARN_EMPTY_BODY = YES;
				CLANG_WARN_ENUM_CONVERSION = YES;
				CLANG_WARN_INFINITE_RECURSION = YES;
				CLANG_WARN_INT_CONVERSION = YES;
				CLANG_WARN_OBJC_ROOT_CLASS = YES_ERROR;
				CLANG_WARN_SUSPICIOUS_MOVES = YES;
				CLANG_WARN_UNREACHABLE_CODE = YES;
				CLANG_WARN__DUPLICATE_METHOD_MATCH = YES;
				"CODE_SIGN_IDENTITY[sdk=iphoneos*]" = "iPhone Developer";
				COPY_PHASE_STRIP = NO;
				DEBUG_INFORMATION_FORMAT = "dwarf-with-dsym";
				ENABLE_NS_ASSERTIONS = NO;
				ENABLE_STRICT_OBJC_MSGSEND = YES;
				GCC_C_LANGUAGE_STANDARD = gnu99;
				GCC_NO_COMMON_BLOCKS = YES;
				GCC_WARN_64_TO_32_BIT_CONVERSION = YES;
				GCC_WARN_ABOUT_RETURN_TYPE = YES_ERROR;
				GCC_WARN_UNDECLARED_SELECTOR = YES;
				GCC_WARN_UNINITIALIZED_AUTOS = YES_AGGRESSIVE;
				GCC_WARN_UNUSED_FUNCTION = YES;
				GCC_WARN_UNUSED_VARIABLE = YES;
				IPHONEOS_DEPLOYMENT_TARGET = 10.0;
				MTL_ENABLE_DEBUG_INFO = NO;
				SDKROOT = iphoneos;
				SWIFT_OPTIMIZATION_LEVEL = "-Owholemodule";
				TARGETED_DEVICE_FAMILY = "1,2";
				VALIDATE_PRODUCT = YES;
			};
			name = Release;
		};
		016FB2901DB06B8500E59CF9 /* Debug */ = {
			isa = XCBuildConfiguration;
			buildSettings = {
				ASSETCATALOG_COMPILER_APPICON_NAME = AppIcon;
				INFOPLIST_FILE = MagicEigthBall/Info.plist;
				LD_RUNPATH_SEARCH_PATHS = "$(inherited) @executable_path/Frameworks";
				PRODUCT_BUNDLE_IDENTIFIER = com.edu.self.MagicEigthBall;
				PRODUCT_NAME = "$(TARGET_NAME)";
				SWIFT_VERSION = 3.0;
			};
			name = Debug;
		};
		016FB2911DB06B8500E59CF9 /* Release */ = {
			isa = XCBuildConfiguration;
			buildSettings = {
				ASSETCATALOG_COMPILER_APPICON_NAME = AppIcon;
				INFOPLIST_FILE = MagicEigthBall/Info.plist;
				LD_RUNPATH_SEARCH_PATHS = "$(inherited) @executable_path/Frameworks";
				PRODUCT_BUNDLE_IDENTIFIER = com.edu.self.MagicEigthBall;
				PRODUCT_NAME = "$(TARGET_NAME)";
				SWIFT_VERSION = 3.0;
			};
			name = Release;
		};
/* End XCBuildConfiguration section */

/* Begin XCConfigurationList section */
		016FB2781DB06B8400E59CF9 /* Build configuration list for PBXProject "MagicEigthBall" */ = {
			isa = XCConfigurationList;
			buildConfigurations = (
				016FB28D1DB06B8500E59CF9 /* Debug */,
				016FB28E1DB06B8500E59CF9 /* Release */,
			);
			defaultConfigurationIsVisible = 0;
			defaultConfigurationName = Release;
		};
		016FB28F1DB06B8500E59CF9 /* Build configuration list for PBXNativeTarget "MagicEigthBall" */ = {
			isa = XCConfigurationList;
			buildConfigurations = (
				016FB2901DB06B8500E59CF9 /* Debug */,
				016FB2911DB06B8500E59CF9 /* Release */,
			);
			defaultConfigurationIsVisible = 0;
		};
/* End XCConfigurationList section */
	};
	rootObject = 016FB2751DB06B8400E59CF9 /* Project object */;
}
